
Microsoft Visual Studio Solution File, Format Version 12.00
# Visual Studio 14
VisualStudioVersion = 14.0.25420.1
MinimumVisualStudioVersion = 10.0.40219.1
Project("{2150E333-8FDC-42A3-9474-1A3956D46DE8}") = "Solution Items", "Solution Items", "{1C0BB01D-ADE6-4BB0-A7C5-381C59F8A7B7}"
EndProject
Project("{2150E333-8FDC-42A3-9474-1A3956D46DE8}") = "tools", "tools", "{47BBA234-7F3B-4928-8971-75CBEF3E56C8}"
	ProjectSection(SolutionItems) = preProject
		tools\commands.txt = tools\commands.txt
	EndProjectSection
EndProject
Project("{2150E333-8FDC-42A3-9474-1A3956D46DE8}") = "manifests", "manifests", "{D7C573EB-24E9-4A8B-97D7-D67EC9878853}"
	ProjectSection(SolutionItems) = preProject
		manifests\Microsoft-Windows-DNS-Client.manifest.xml = manifests\Microsoft-Windows-DNS-Client.manifest.xml
		manifests\Microsoft-Windows-Winsock-NameResolution.manifest.xml = manifests\Microsoft-Windows-Winsock-NameResolution.manifest.xml
	EndProjectSection
EndProject
Project("{FAE04EC0-301F-11D3-BF4B-00C04F79EFBC}") = "Servicedog", "Servicedog\Servicedog.csproj", "{0BB63775-B5EA-4EEC-9515-FF59158F8E58}"
EndProject
Project("{FAE04EC0-301F-11D3-BF4B-00C04F79EFBC}") = "ClientApp", "ClientApp\ClientApp.csproj", "{28001B37-8F29-4159-90C7-C2D35E84DCC4}"
EndProject
Global
	GlobalSection(SolutionConfigurationPlatforms) = preSolution
		Debug|Any CPU = Debug|Any CPU
		Release|Any CPU = Release|Any CPU
	EndGlobalSection
	GlobalSection(ProjectConfigurationPlatforms) = postSolution
		{0BB63775-B5EA-4EEC-9515-FF59158F8E58}.Debug|Any CPU.ActiveCfg = Debug|Any CPU
		{0BB63775-B5EA-4EEC-9515-FF59158F8E58}.Debug|Any CPU.Build.0 = Debug|Any CPU
		{0BB63775-B5EA-4EEC-9515-FF59158F8E58}.Release|Any CPU.ActiveCfg = Release|Any CPU
		{0BB63775-B5EA-4EEC-9515-FF59158F8E58}.Release|Any CPU.Build.0 = Release|Any CPU
		{28001B37-8F29-4159-90C7-C2D35E84DCC4}.Debug|Any CPU.ActiveCfg = Debug|Any CPU
		{28001B37-8F29-4159-90C7-C2D35E84DCC4}.Debug|Any CPU.Build.0 = Debug|Any CPU
		{28001B37-8F29-4159-90C7-C2D35E84DCC4}.Release|Any CPU.ActiveCfg = Release|Any CPU
		{28001B37-8F29-4159-90C7-C2D35E84DCC4}.Release|Any CPU.Build.0 = Release|Any CPU
	EndGlobalSection
	GlobalSection(SolutionProperties) = preSolution
		HideSolutionNode = FALSE
	EndGlobalSection
	GlobalSection(NestedProjects) = preSolution
		{47BBA234-7F3B-4928-8971-75CBEF3E56C8} = {1C0BB01D-ADE6-4BB0-A7C5-381C59F8A7B7}
		{D7C573EB-24E9-4A8B-97D7-D67EC9878853} = {1C0BB01D-ADE6-4BB0-A7C5-381C59F8A7B7}
	EndGlobalSection
EndGlobal
