
Microsoft Visual Studio Solution File, Format Version 12.00
# Visual Studio 14
VisualStudioVersion = 14.0.25123.0
MinimumVisualStudioVersion = 10.0.40219.1
Project("{FAE04EC0-301F-11D3-BF4B-00C04F79EFBC}") = "EventTraceExperiments", "EventTraceExperiments\EventTraceExperiments.csproj", "{D4BAE4A2-7EF7-4A3E-8427-95D32F972798}"
EndProject
Global
	GlobalSection(SolutionConfigurationPlatforms) = preSolution
		Debug|Any CPU = Debug|Any CPU
		Release|Any CPU = Release|Any CPU
	EndGlobalSection
	GlobalSection(ProjectConfigurationPlatforms) = postSolution
		{D4BAE4A2-7EF7-4A3E-8427-95D32F972798}.Debug|Any CPU.ActiveCfg = Debug|Any CPU
		{D4BAE4A2-7EF7-4A3E-8427-95D32F972798}.Debug|Any CPU.Build.0 = Debug|Any CPU
		{D4BAE4A2-7EF7-4A3E-8427-95D32F972798}.Release|Any CPU.ActiveCfg = Release|Any CPU
		{D4BAE4A2-7EF7-4A3E-8427-95D32F972798}.Release|Any CPU.Build.0 = Release|Any CPU
	EndGlobalSection
	GlobalSection(SolutionProperties) = preSolution
		HideSolutionNode = FALSE
	EndGlobalSection
EndGlobal
